
Microsoft Visual Studio Solution File, Format Version 12.00
# Visual Studio 15
VisualStudioVersion = 15.0.27130.2010
MinimumVisualStudioVersion = 10.0.40219.1
Project("{E24C65DC-7377-472B-9ABA-BC803B73C61A}") = "Website(1)", ".", "{9563E98B-27D2-4F9D-940D-A6A26AB22F6D}"
	ProjectSection(WebsiteProperties) = preProject
		TargetFrameworkMoniker = ".NETFramework,Version%3Dv4.6.1"
		Debug.AspNetCompiler.VirtualPath = "/localhost_57445"
		Debug.AspNetCompiler.PhysicalPath = "..\Website\"
		Debug.AspNetCompiler.TargetPath = "PrecompiledWeb\localhost_57445\"
		Debug.AspNetCompiler.Updateable = "true"
		Debug.AspNetCompiler.ForceOverwrite = "true"
		Debug.AspNetCompiler.FixedNames = "false"
		Debug.AspNetCompiler.Debug = "True"
		Release.AspNetCompiler.VirtualPath = "/localhost_57445"
		Release.AspNetCompiler.PhysicalPath = "..\Website\"
		Release.AspNetCompiler.TargetPath = "PrecompiledWeb\localhost_57445\"
		Release.AspNetCompiler.Updateable = "true"
		Release.AspNetCompiler.ForceOverwrite = "true"
		Release.AspNetCompiler.FixedNames = "false"
		Release.AspNetCompiler.Debug = "False"
		VWDPort = "57445"
		SlnRelativePath = "..\Website\"
	EndProjectSection
EndProject
Global
	GlobalSection(SolutionConfigurationPlatforms) = preSolution
		Debug|Any CPU = Debug|Any CPU
	EndGlobalSection
	GlobalSection(ProjectConfigurationPlatforms) = postSolution
		{9563E98B-27D2-4F9D-940D-A6A26AB22F6D}.Debug|Any CPU.ActiveCfg = Debug|Any CPU
		{9563E98B-27D2-4F9D-940D-A6A26AB22F6D}.Debug|Any CPU.Build.0 = Debug|Any CPU
	EndGlobalSection
	GlobalSection(SolutionProperties) = preSolution
		HideSolutionNode = FALSE
	EndGlobalSection
	GlobalSection(ExtensibilityGlobals) = postSolution
		SolutionGuid = {686BB9BA-77D3-4D8F-8872-3FED63A430FC}
	EndGlobalSection
EndGlobal
